
Microsoft Visual Studio Solution File, Format Version 12.00
# Visual Studio Version 16
VisualStudioVersion = 16.0.30330.147
MinimumVisualStudioVersion = 10.0.40219.1
Project("{9A19103F-16F7-4668-BE54-9A1E7A4F7556}") = "Exomia.Network", "src\Exomia.Network\Exomia.Network.csproj", "{4A17DCCB-D3DE-48DF-97A7-F46936096CA6}"
EndProject
Project("{9A19103F-16F7-4668-BE54-9A1E7A4F7556}") = "Exomia.Network.Tests", "tests\L0\Exomia.Network.Tests\Exomia.Network.Tests.csproj", "{C70AE613-9A81-4063-8F4A-6F09F145EE85}"
EndProject
Project("{2150E333-8FDC-42A3-9474-1A3956D46DE8}") = "examples", "examples", "{4E24C133-E6A0-4BE2-9F75-8DC1827A7361}"
EndProject
Project("{9A19103F-16F7-4668-BE54-9A1E7A4F7556}") = "Example.Client", "examples\Example.Client\Example.Client.csproj", "{90A9560E-16E9-4008-B061-B5827AF69880}"
EndProject
Project("{9A19103F-16F7-4668-BE54-9A1E7A4F7556}") = "Example.Server", "examples\Example.Server\Example.Server.csproj", "{7E2A2465-B98E-42B8-B8AB-DE890F2406BF}"
EndProject
Project("{2150E333-8FDC-42A3-9474-1A3956D46DE8}") = "tests", "tests", "{298EB9DD-C790-48B0-AF90-757B99B5FD34}"
EndProject
Project("{2150E333-8FDC-42A3-9474-1A3956D46DE8}") = "Solution Items", "Solution Items", "{64D76915-B664-4C67-8A05-BC652FE4A613}"
	ProjectSection(SolutionItems) = preProject
		.editorconfig = .editorconfig
	EndProjectSection
EndProject
Global
	GlobalSection(SolutionConfigurationPlatforms) = preSolution
		Linux-Debug|Any CPU = Linux-Debug|Any CPU
		Linux-Debug|x64 = Linux-Debug|x64
		Linux-Debug|x86 = Linux-Debug|x86
		Linux-Release|Any CPU = Linux-Release|Any CPU
		Linux-Release|x64 = Linux-Release|x64
		Linux-Release|x86 = Linux-Release|x86
		Windows-Debug|Any CPU = Windows-Debug|Any CPU
		Windows-Debug|x64 = Windows-Debug|x64
		Windows-Debug|x86 = Windows-Debug|x86
		Windows-Release|Any CPU = Windows-Release|Any CPU
		Windows-Release|x64 = Windows-Release|x64
		Windows-Release|x86 = Windows-Release|x86
	EndGlobalSection
	GlobalSection(ProjectConfigurationPlatforms) = postSolution
		{4A17DCCB-D3DE-48DF-97A7-F46936096CA6}.Linux-Debug|Any CPU.ActiveCfg = Linux-Debug|Any CPU
		{4A17DCCB-D3DE-48DF-97A7-F46936096CA6}.Linux-Debug|Any CPU.Build.0 = Linux-Debug|Any CPU
		{4A17DCCB-D3DE-48DF-97A7-F46936096CA6}.Linux-Debug|x64.ActiveCfg = Linux-Debug|x64
		{4A17DCCB-D3DE-48DF-97A7-F46936096CA6}.Linux-Debug|x64.Build.0 = Linux-Debug|x64
		{4A17DCCB-D3DE-48DF-97A7-F46936096CA6}.Linux-Debug|x86.ActiveCfg = Linux-Debug|x86
		{4A17DCCB-D3DE-48DF-97A7-F46936096CA6}.Linux-Debug|x86.Build.0 = Linux-Debug|x86
		{4A17DCCB-D3DE-48DF-97A7-F46936096CA6}.Linux-Release|Any CPU.ActiveCfg = Linux-Release|Any CPU
		{4A17DCCB-D3DE-48DF-97A7-F46936096CA6}.Linux-Release|Any CPU.Build.0 = Linux-Release|Any CPU
		{4A17DCCB-D3DE-48DF-97A7-F46936096CA6}.Linux-Release|x64.ActiveCfg = Linux-Release|x64
		{4A17DCCB-D3DE-48DF-97A7-F46936096CA6}.Linux-Release|x64.Build.0 = Linux-Release|x64
		{4A17DCCB-D3DE-48DF-97A7-F46936096CA6}.Linux-Release|x86.ActiveCfg = Linux-Release|x86
		{4A17DCCB-D3DE-48DF-97A7-F46936096CA6}.Linux-Release|x86.Build.0 = Linux-Release|x86
		{4A17DCCB-D3DE-48DF-97A7-F46936096CA6}.Windows-Debug|Any CPU.ActiveCfg = Windows-Debug|Any CPU
		{4A17DCCB-D3DE-48DF-97A7-F46936096CA6}.Windows-Debug|Any CPU.Build.0 = Windows-Debug|Any CPU
		{4A17DCCB-D3DE-48DF-97A7-F46936096CA6}.Windows-Debug|x64.ActiveCfg = Windows-Debug|x64
		{4A17DCCB-D3DE-48DF-97A7-F46936096CA6}.Windows-Debug|x64.Build.0 = Windows-Debug|x64
		{4A17DCCB-D3DE-48DF-97A7-F46936096CA6}.Windows-Debug|x86.ActiveCfg = Windows-Debug|x86
		{4A17DCCB-D3DE-48DF-97A7-F46936096CA6}.Windows-Debug|x86.Build.0 = Windows-Debug|x86
		{4A17DCCB-D3DE-48DF-97A7-F46936096CA6}.Windows-Release|Any CPU.ActiveCfg = Windows-Release|Any CPU
		{4A17DCCB-D3DE-48DF-97A7-F46936096CA6}.Windows-Release|Any CPU.Build.0 = Windows-Release|Any CPU
		{4A17DCCB-D3DE-48DF-97A7-F46936096CA6}.Windows-Release|x64.ActiveCfg = Windows-Release|x64
		{4A17DCCB-D3DE-48DF-97A7-F46936096CA6}.Windows-Release|x64.Build.0 = Windows-Release|x64
		{4A17DCCB-D3DE-48DF-97A7-F46936096CA6}.Windows-Release|x86.ActiveCfg = Windows-Release|x86
		{4A17DCCB-D3DE-48DF-97A7-F46936096CA6}.Windows-Release|x86.Build.0 = Windows-Release|x86
		{C70AE613-9A81-4063-8F4A-6F09F145EE85}.Linux-Debug|Any CPU.ActiveCfg = Debug|Any CPU
		{C70AE613-9A81-4063-8F4A-6F09F145EE85}.Linux-Debug|Any CPU.Build.0 = Debug|Any CPU
		{C70AE613-9A81-4063-8F4A-6F09F145EE85}.Linux-Debug|x64.ActiveCfg = Debug|Any CPU
		{C70AE613-9A81-4063-8F4A-6F09F145EE85}.Linux-Debug|x64.Build.0 = Debug|Any CPU
		{C70AE613-9A81-4063-8F4A-6F09F145EE85}.Linux-Debug|x86.ActiveCfg = Debug|Any CPU
		{C70AE613-9A81-4063-8F4A-6F09F145EE85}.Linux-Debug|x86.Build.0 = Debug|Any CPU
		{C70AE613-9A81-4063-8F4A-6F09F145EE85}.Linux-Release|Any CPU.ActiveCfg = Release|Any CPU
		{C70AE613-9A81-4063-8F4A-6F09F145EE85}.Linux-Release|Any CPU.Build.0 = Release|Any CPU
		{C70AE613-9A81-4063-8F4A-6F09F145EE85}.Linux-Release|x64.ActiveCfg = Release|Any CPU
		{C70AE613-9A81-4063-8F4A-6F09F145EE85}.Linux-Release|x64.Build.0 = Release|Any CPU
		{C70AE613-9A81-4063-8F4A-6F09F145EE85}.Linux-Release|x86.ActiveCfg = Release|Any CPU
		{C70AE613-9A81-4063-8F4A-6F09F145EE85}.Linux-Release|x86.Build.0 = Release|Any CPU
		{C70AE613-9A81-4063-8F4A-6F09F145EE85}.Windows-Debug|Any CPU.ActiveCfg = Debug|Any CPU
		{C70AE613-9A81-4063-8F4A-6F09F145EE85}.Windows-Debug|Any CPU.Build.0 = Debug|Any CPU
		{C70AE613-9A81-4063-8F4A-6F09F145EE85}.Windows-Debug|x64.ActiveCfg = Debug|Any CPU
		{C70AE613-9A81-4063-8F4A-6F09F145EE85}.Windows-Debug|x64.Build.0 = Debug|Any CPU
		{C70AE613-9A81-4063-8F4A-6F09F145EE85}.Windows-Debug|x86.ActiveCfg = Debug|Any CPU
		{C70AE613-9A81-4063-8F4A-6F09F145EE85}.Windows-Debug|x86.Build.0 = Debug|Any CPU
		{C70AE613-9A81-4063-8F4A-6F09F145EE85}.Windows-Release|Any CPU.ActiveCfg = Release|Any CPU
		{C70AE613-9A81-4063-8F4A-6F09F145EE85}.Windows-Release|Any CPU.Build.0 = Release|Any CPU
		{C70AE613-9A81-4063-8F4A-6F09F145EE85}.Windows-Release|x64.ActiveCfg = Release|Any CPU
		{C70AE613-9A81-4063-8F4A-6F09F145EE85}.Windows-Release|x64.Build.0 = Release|Any CPU
		{C70AE613-9A81-4063-8F4A-6F09F145EE85}.Windows-Release|x86.ActiveCfg = Release|Any CPU
		{C70AE613-9A81-4063-8F4A-6F09F145EE85}.Windows-Release|x86.Build.0 = Release|Any CPU
		{90A9560E-16E9-4008-B061-B5827AF69880}.Linux-Debug|Any CPU.ActiveCfg = Debug|Any CPU
		{90A9560E-16E9-4008-B061-B5827AF69880}.Linux-Debug|Any CPU.Build.0 = Debug|Any CPU
		{90A9560E-16E9-4008-B061-B5827AF69880}.Linux-Debug|x64.ActiveCfg = Debug|Any CPU
		{90A9560E-16E9-4008-B061-B5827AF69880}.Linux-Debug|x64.Build.0 = Debug|Any CPU
		{90A9560E-16E9-4008-B061-B5827AF69880}.Linux-Debug|x86.ActiveCfg = Debug|Any CPU
		{90A9560E-16E9-4008-B061-B5827AF69880}.Linux-Debug|x86.Build.0 = Debug|Any CPU
		{90A9560E-16E9-4008-B061-B5827AF69880}.Linux-Release|Any CPU.ActiveCfg = Release|Any CPU
		{90A9560E-16E9-4008-B061-B5827AF69880}.Linux-Release|Any CPU.Build.0 = Release|Any CPU
		{90A9560E-16E9-4008-B061-B5827AF69880}.Linux-Release|x64.ActiveCfg = Release|Any CPU
		{90A9560E-16E9-4008-B061-B5827AF69880}.Linux-Release|x64.Build.0 = Release|Any CPU
		{90A9560E-16E9-4008-B061-B5827AF69880}.Linux-Release|x86.ActiveCfg = Release|Any CPU
		{90A9560E-16E9-4008-B061-B5827AF69880}.Linux-Release|x86.Build.0 = Release|Any CPU
		{90A9560E-16E9-4008-B061-B5827AF69880}.Windows-Debug|Any CPU.ActiveCfg = Debug|Any CPU
		{90A9560E-16E9-4008-B061-B5827AF69880}.Windows-Debug|Any CPU.Build.0 = Debug|Any CPU
		{90A9560E-16E9-4008-B061-B5827AF69880}.Windows-Debug|x64.ActiveCfg = Debug|Any CPU
		{90A9560E-16E9-4008-B061-B5827AF69880}.Windows-Debug|x64.Build.0 = Debug|Any CPU
		{90A9560E-16E9-4008-B061-B5827AF69880}.Windows-Debug|x86.ActiveCfg = Debug|Any CPU
		{90A9560E-16E9-4008-B061-B5827AF69880}.Windows-Debug|x86.Build.0 = Debug|Any CPU
		{90A9560E-16E9-4008-B061-B5827AF69880}.Windows-Release|Any CPU.ActiveCfg = Release|Any CPU
		{90A9560E-16E9-4008-B061-B5827AF69880}.Windows-Release|Any CPU.Build.0 = Release|Any CPU
		{90A9560E-16E9-4008-B061-B5827AF69880}.Windows-Release|x64.ActiveCfg = Release|Any CPU
		{90A9560E-16E9-4008-B061-B5827AF69880}.Windows-Release|x64.Build.0 = Release|Any CPU
		{90A9560E-16E9-4008-B061-B5827AF69880}.Windows-Release|x86.ActiveCfg = Release|Any CPU
		{90A9560E-16E9-4008-B061-B5827AF69880}.Windows-Release|x86.Build.0 = Release|Any CPU
		{7E2A2465-B98E-42B8-B8AB-DE890F2406BF}.Linux-Debug|Any CPU.ActiveCfg = Debug|Any CPU
		{7E2A2465-B98E-42B8-B8AB-DE890F2406BF}.Linux-Debug|Any CPU.Build.0 = Debug|Any CPU
		{7E2A2465-B98E-42B8-B8AB-DE890F2406BF}.Linux-Debug|x64.ActiveCfg = Debug|Any CPU
		{7E2A2465-B98E-42B8-B8AB-DE890F2406BF}.Linux-Debug|x64.Build.0 = Debug|Any CPU
		{7E2A2465-B98E-42B8-B8AB-DE890F2406BF}.Linux-Debug|x86.ActiveCfg = Debug|Any CPU
		{7E2A2465-B98E-42B8-B8AB-DE890F2406BF}.Linux-Debug|x86.Build.0 = Debug|Any CPU
		{7E2A2465-B98E-42B8-B8AB-DE890F2406BF}.Linux-Release|Any CPU.ActiveCfg = Release|Any CPU
		{7E2A2465-B98E-42B8-B8AB-DE890F2406BF}.Linux-Release|Any CPU.Build.0 = Release|Any CPU
		{7E2A2465-B98E-42B8-B8AB-DE890F2406BF}.Linux-Release|x64.ActiveCfg = Release|Any CPU
		{7E2A2465-B98E-42B8-B8AB-DE890F2406BF}.Linux-Release|x64.Build.0 = Release|Any CPU
		{7E2A2465-B98E-42B8-B8AB-DE890F2406BF}.Linux-Release|x86.ActiveCfg = Release|Any CPU
		{7E2A2465-B98E-42B8-B8AB-DE890F2406BF}.Linux-Release|x86.Build.0 = Release|Any CPU
		{7E2A2465-B98E-42B8-B8AB-DE890F2406BF}.Windows-Debug|Any CPU.ActiveCfg = Debug|Any CPU
		{7E2A2465-B98E-42B8-B8AB-DE890F2406BF}.Windows-Debug|Any CPU.Build.0 = Debug|Any CPU
		{7E2A2465-B98E-42B8-B8AB-DE890F2406BF}.Windows-Debug|x64.ActiveCfg = Debug|Any CPU
		{7E2A2465-B98E-42B8-B8AB-DE890F2406BF}.Windows-Debug|x64.Build.0 = Debug|Any CPU
		{7E2A2465-B98E-42B8-B8AB-DE890F2406BF}.Windows-Debug|x86.ActiveCfg = Debug|Any CPU
		{7E2A2465-B98E-42B8-B8AB-DE890F2406BF}.Windows-Debug|x86.Build.0 = Debug|Any CPU
		{7E2A2465-B98E-42B8-B8AB-DE890F2406BF}.Windows-Release|Any CPU.ActiveCfg = Release|Any CPU
		{7E2A2465-B98E-42B8-B8AB-DE890F2406BF}.Windows-Release|Any CPU.Build.0 = Release|Any CPU
		{7E2A2465-B98E-42B8-B8AB-DE890F2406BF}.Windows-Release|x64.ActiveCfg = Release|Any CPU
		{7E2A2465-B98E-42B8-B8AB-DE890F2406BF}.Windows-Release|x64.Build.0 = Release|Any CPU
		{7E2A2465-B98E-42B8-B8AB-DE890F2406BF}.Windows-Release|x86.ActiveCfg = Release|Any CPU
		{7E2A2465-B98E-42B8-B8AB-DE890F2406BF}.Windows-Release|x86.Build.0 = Release|Any CPU
	EndGlobalSection
	GlobalSection(SolutionProperties) = preSolution
		HideSolutionNode = FALSE
	EndGlobalSection
	GlobalSection(NestedProjects) = preSolution
		{C70AE613-9A81-4063-8F4A-6F09F145EE85} = {298EB9DD-C790-48B0-AF90-757B99B5FD34}
		{90A9560E-16E9-4008-B061-B5827AF69880} = {4E24C133-E6A0-4BE2-9F75-8DC1827A7361}
		{7E2A2465-B98E-42B8-B8AB-DE890F2406BF} = {4E24C133-E6A0-4BE2-9F75-8DC1827A7361}
	EndGlobalSection
	GlobalSection(ExtensibilityGlobals) = postSolution
		SolutionGuid = {4676E067-560B-4A5F-A7E7-9698C96317D0}
	EndGlobalSection
EndGlobal
